
Microsoft Visual Studio Solution File, Format Version 12.00
# Visual Studio Version 17
VisualStudioVersion = 17.5.002.0
MinimumVisualStudioVersion = 10.0.40219.1
Project("{9A19103F-16F7-4668-BE54-9A1E7A4F7556}") = "PokemonBattleSim", "PokemonBattleSim.csproj", "{D00A13B4-77CC-4865-969A-1CDDE22D792D}"
EndProject
Project("{FAE04EC0-301F-11D3-BF4B-00C04F79EFBC}") = "FiguringItOut", "..\FiguringItOut\FiguringItOut\FiguringItOut.csproj", "{52024DDD-ED85-4D35-891F-AF42C56DB3A7}"
EndProject
Global
	GlobalSection(SolutionConfigurationPlatforms) = preSolution
		Debug|Any CPU = Debug|Any CPU
		Release|Any CPU = Release|Any CPU
	EndGlobalSection
	GlobalSection(ProjectConfigurationPlatforms) = postSolution
		{D00A13B4-77CC-4865-969A-1CDDE22D792D}.Debug|Any CPU.ActiveCfg = Debug|Any CPU
		{D00A13B4-77CC-4865-969A-1CDDE22D792D}.Debug|Any CPU.Build.0 = Debug|Any CPU
		{D00A13B4-77CC-4865-969A-1CDDE22D792D}.Release|Any CPU.ActiveCfg = Release|Any CPU
		{D00A13B4-77CC-4865-969A-1CDDE22D792D}.Release|Any CPU.Build.0 = Release|Any CPU
		{52024DDD-ED85-4D35-891F-AF42C56DB3A7}.Debug|Any CPU.ActiveCfg = Debug|Any CPU
		{52024DDD-ED85-4D35-891F-AF42C56DB3A7}.Debug|Any CPU.Build.0 = Debug|Any CPU
		{52024DDD-ED85-4D35-891F-AF42C56DB3A7}.Release|Any CPU.ActiveCfg = Release|Any CPU
		{52024DDD-ED85-4D35-891F-AF42C56DB3A7}.Release|Any CPU.Build.0 = Release|Any CPU
	EndGlobalSection
	GlobalSection(SolutionProperties) = preSolution
		HideSolutionNode = FALSE
	EndGlobalSection
	GlobalSection(ExtensibilityGlobals) = postSolution
		SolutionGuid = {2AEB6EAD-BDB5-4C46-9C0C-5DE6C9ADF334}
	EndGlobalSection
EndGlobal
